// !$*UTF8*$!
{
	archiveVersion = 1;
	classes = {
	};
	objectVersion = 56;
	objects = {

/* Begin PBXBuildFile section */
		523C10DC29AE9E7C000482B8 /* AppDelegate.swift in Sources */ = {isa = PBXBuildFile; fileRef = 523C10DB29AE9E7C000482B8 /* AppDelegate.swift */; };
		523C10DE29AE9E7C000482B8 /* SceneDelegate.swift in Sources */ = {isa = PBXBuildFile; fileRef = 523C10DD29AE9E7C000482B8 /* SceneDelegate.swift */; };
		523C10E029AE9E7C000482B8 /* ViewController.swift in Sources */ = {isa = PBXBuildFile; fileRef = 523C10DF29AE9E7C000482B8 /* ViewController.swift */; };
		523C10E329AE9E7C000482B8 /* Main.storyboard in Resources */ = {isa = PBXBuildFile; fileRef = 523C10E129AE9E7C000482B8 /* Main.storyboard */; };
		523C10E529AE9E7E000482B8 /* Assets.xcassets in Resources */ = {isa = PBXBuildFile; fileRef = 523C10E429AE9E7E000482B8 /* Assets.xcassets */; };
		523C10E829AE9E7E000482B8 /* LaunchScreen.storyboard in Resources */ = {isa = PBXBuildFile; fileRef = 523C10E629AE9E7E000482B8 /* LaunchScreen.storyboard */; };
		523C10F329AE9E7F000482B8 /* TestDemoIosTests.swift in Sources */ = {isa = PBXBuildFile; fileRef = 523C10F229AE9E7F000482B8 /* TestDemoIosTests.swift */; };
		523C10FD29AE9E7F000482B8 /* TestDemoIosUITests.swift in Sources */ = {isa = PBXBuildFile; fileRef = 523C10FC29AE9E7F000482B8 /* TestDemoIosUITests.swift */; };
		523C10FF29AE9E7F000482B8 /* TestDemoIosUITestsLaunchTests.swift in Sources */ = {isa = PBXBuildFile; fileRef = 523C10FE29AE9E7F000482B8 /* TestDemoIosUITestsLaunchTests.swift */; };
/* End PBXBuildFile section */

/* Begin PBXContainerItemProxy section */
		523C10EF29AE9E7F000482B8 /* PBXContainerItemProxy */ = {
			isa = PBXContainerItemProxy;
			containerPortal = 523C10D029AE9E7C000482B8 /* Project object */;
			proxyType = 1;
			remoteGlobalIDString = 523C10D729AE9E7C000482B8;
			remoteInfo = TestDemoIos;
		};
		523C10F929AE9E7F000482B8 /* PBXContainerItemProxy */ = {
			isa = PBXContainerItemProxy;
			containerPortal = 523C10D029AE9E7C000482B8 /* Project object */;
			proxyType = 1;
			remoteGlobalIDString = 523C10D729AE9E7C000482B8;
			remoteInfo = TestDemoIos;
		};
/* End PBXContainerItemProxy section */

/* Begin PBXFileReference section */
		523C10D829AE9E7C000482B8 /* TestDemoIos.app */ = {isa = PBXFileReference; explicitFileType = wrapper.application; includeInIndex = 0; path = TestDemoIos.app; sourceTree = BUILT_PRODUCTS_DIR; };
		523C10DB29AE9E7C000482B8 /* AppDelegate.swift */ = {isa = PBXFileReference; lastKnownFileType = sourcecode.swift; path = AppDelegate.swift; sourceTree = "<group>"; };
		523C10DD29AE9E7C000482B8 /* SceneDelegate.swift */ = {isa = PBXFileReference; lastKnownFileType = sourcecode.swift; path = SceneDelegate.swift; sourceTree = "<group>"; };
		523C10DF29AE9E7C000482B8 /* ViewController.swift */ = {isa = PBXFileReference; lastKnownFileType = sourcecode.swift; path = ViewController.swift; sourceTree = "<group>"; };
		523C10E229AE9E7C000482B8 /* Base */ = {isa = PBXFileReference; lastKnownFileType = file.storyboard; name = Base; path = Base.lproj/Main.storyboard; sourceTree = "<group>"; };
		523C10E429AE9E7E000482B8 /* Assets.xcassets */ = {isa = PBXFileReference; lastKnownFileType = folder.assetcatalog; path = Assets.xcassets; sourceTree = "<group>"; };
		523C10E729AE9E7E000482B8 /* Base */ = {isa = PBXFileReference; lastKnownFileType = file.storyboard; name = Base; path = Base.lproj/LaunchScreen.storyboard; sourceTree = "<group>"; };
		523C10E929AE9E7E000482B8 /* Info.plist */ = {isa = PBXFileReference; lastKnownFileType = text.plist.xml; path = Info.plist; sourceTree = "<group>"; };
		523C10EE29AE9E7F000482B8 /* TestDemoIosTests.xctest */ = {isa = PBXFileReference; explicitFileType = wrapper.cfbundle; includeInIndex = 0; path = TestDemoIosTests.xctest; sourceTree = BUILT_PRODUCTS_DIR; };
		523C10F229AE9E7F000482B8 /* TestDemoIosTests.swift */ = {isa = PBXFileReference; lastKnownFileType = sourcecode.swift; path = TestDemoIosTests.swift; sourceTree = "<group>"; };
		523C10F829AE9E7F000482B8 /* TestDemoIosUITests.xctest */ = {isa = PBXFileReference; explicitFileType = wrapper.cfbundle; includeInIndex = 0; path = TestDemoIosUITests.xctest; sourceTree = BUILT_PRODUCTS_DIR; };
		523C10FC29AE9E7F000482B8 /* TestDemoIosUITests.swift */ = {isa = PBXFileReference; lastKnownFileType = sourcecode.swift; path = TestDemoIosUITests.swift; sourceTree = "<group>"; };
		523C10FE29AE9E7F000482B8 /* TestDemoIosUITestsLaunchTests.swift */ = {isa = PBXFileReference; lastKnownFileType = sourcecode.swift; path = TestDemoIosUITestsLaunchTests.swift; sourceTree = "<group>"; };
/* End PBXFileReference section */

/* Begin PBXFrameworksBuildPhase section */
		523C10D529AE9E7C000482B8 /* Frameworks */ = {
			isa = PBXFrameworksBuildPhase;
			buildActionMask = 2147483647;
			files = (
			);
			runOnlyForDeploymentPostprocessing = 0;
		};
		523C10EB29AE9E7F000482B8 /* Frameworks */ = {
			isa = PBXFrameworksBuildPhase;
			buildActionMask = 2147483647;
			files = (
			);
			runOnlyForDeploymentPostprocessing = 0;
		};
		523C10F529AE9E7F000482B8 /* Frameworks */ = {
			isa = PBXFrameworksBuildPhase;
			buildActionMask = 2147483647;
			files = (
			);
			runOnlyForDeploymentPostprocessing = 0;
		};
/* End PBXFrameworksBuildPhase section */

/* Begin PBXGroup section */
		523C10CF29AE9E7C000482B8 = {
			isa = PBXGroup;
			children = (
				523C10DA29AE9E7C000482B8 /* TestDemoIos */,
				523C10F129AE9E7F000482B8 /* TestDemoIosTests */,
				523C10FB29AE9E7F000482B8 /* TestDemoIosUITests */,
				523C10D929AE9E7C000482B8 /* Products */,
			);
			sourceTree = "<group>";
		};
		523C10D929AE9E7C000482B8 /* Products */ = {
			isa = PBXGroup;
			children = (
				523C10D829AE9E7C000482B8 /* TestDemoIos.app */,
				523C10EE29AE9E7F000482B8 /* TestDemoIosTests.xctest */,
				523C10F829AE9E7F000482B8 /* TestDemoIosUITests.xctest */,
			);
			name = Products;
			sourceTree = "<group>";
		};
		523C10DA29AE9E7C000482B8 /* TestDemoIos */ = {
			isa = PBXGroup;
			children = (
				523C10DB29AE9E7C000482B8 /* AppDelegate.swift */,
				523C10DD29AE9E7C000482B8 /* SceneDelegate.swift */,
				523C10DF29AE9E7C000482B8 /* ViewController.swift */,
				523C10E129AE9E7C000482B8 /* Main.storyboard */,
				523C10E429AE9E7E000482B8 /* Assets.xcassets */,
				523C10E629AE9E7E000482B8 /* LaunchScreen.storyboard */,
				523C10E929AE9E7E000482B8 /* Info.plist */,
			);
			path = TestDemoIos;
			sourceTree = "<group>";
		};
		523C10F129AE9E7F000482B8 /* TestDemoIosTests */ = {
			isa = PBXGroup;
			children = (
				523C10F229AE9E7F000482B8 /* TestDemoIosTests.swift */,
			);
			path = TestDemoIosTests;
			sourceTree = "<group>";
		};
		523C10FB29AE9E7F000482B8 /* TestDemoIosUITests */ = {
			isa = PBXGroup;
			children = (
				523C10FC29AE9E7F000482B8 /* TestDemoIosUITests.swift */,
				523C10FE29AE9E7F000482B8 /* TestDemoIosUITestsLaunchTests.swift */,
			);
			path = TestDemoIosUITests;
			sourceTree = "<group>";
		};
/* End PBXGroup section */

/* Begin PBXNativeTarget section */
		523C10D729AE9E7C000482B8 /* TestDemoIos */ = {
			isa = PBXNativeTarget;
			buildConfigurationList = 523C110229AE9E7F000482B8 /* Build configuration list for PBXNativeTarget "TestDemoIos" */;
			buildPhases = (
				523C10D429AE9E7C000482B8 /* Sources */,
				523C10D529AE9E7C000482B8 /* Frameworks */,
				523C10D629AE9E7C000482B8 /* Resources */,
			);
			buildRules = (
			);
			dependencies = (
			);
			name = TestDemoIos;
			productName = TestDemoIos;
			productReference = 523C10D829AE9E7C000482B8 /* TestDemoIos.app */;
			productType = "com.apple.product-type.application";
		};
		523C10ED29AE9E7F000482B8 /* TestDemoIosTests */ = {
			isa = PBXNativeTarget;
			buildConfigurationList = 523C110529AE9E7F000482B8 /* Build configuration list for PBXNativeTarget "TestDemoIosTests" */;
			buildPhases = (
				523C10EA29AE9E7F000482B8 /* Sources */,
				523C10EB29AE9E7F000482B8 /* Frameworks */,
				523C10EC29AE9E7F000482B8 /* Resources */,
			);
			buildRules = (
			);
			dependencies = (
				523C10F029AE9E7F000482B8 /* PBXTargetDependency */,
			);
			name = TestDemoIosTests;
			productName = TestDemoIosTests;
			productReference = 523C10EE29AE9E7F000482B8 /* TestDemoIosTests.xctest */;
			productType = "com.apple.product-type.bundle.unit-test";
		};
		523C10F729AE9E7F000482B8 /* TestDemoIosUITests */ = {
			isa = PBXNativeTarget;
			buildConfigurationList = 523C110829AE9E7F000482B8 /* Build configuration list for PBXNativeTarget "TestDemoIosUITests" */;
			buildPhases = (
				523C10F429AE9E7F000482B8 /* Sources */,
				523C10F529AE9E7F000482B8 /* Frameworks */,
				523C10F629AE9E7F000482B8 /* Resources */,
			);
			buildRules = (
			);
			dependencies = (
				523C10FA29AE9E7F000482B8 /* PBXTargetDependency */,
			);
			name = TestDemoIosUITests;
			productName = TestDemoIosUITests;
			productReference = 523C10F829AE9E7F000482B8 /* TestDemoIosUITests.xctest */;
			productType = "com.apple.product-type.bundle.ui-testing";
		};
/* End PBXNativeTarget section */

/* Begin PBXProject section */
		523C10D029AE9E7C000482B8 /* Project object */ = {
			isa = PBXProject;
			attributes = {
				BuildIndependentTargetsInParallel = 1;
				LastSwiftUpdateCheck = 1420;
				LastUpgradeCheck = 1420;
				TargetAttributes = {
					523C10D729AE9E7C000482B8 = {
						CreatedOnToolsVersion = 14.2;
					};
					523C10ED29AE9E7F000482B8 = {
						CreatedOnToolsVersion = 14.2;
						TestTargetID = 523C10D729AE9E7C000482B8;
					};
					523C10F729AE9E7F000482B8 = {
						CreatedOnToolsVersion = 14.2;
						TestTargetID = 523C10D729AE9E7C000482B8;
					};
				};
			};
			buildConfigurationList = 523C10D329AE9E7C000482B8 /* Build configuration list for PBXProject "TestDemoIos" */;
			compatibilityVersion = "Xcode 14.0";
			developmentRegion = en;
			hasScannedForEncodings = 0;
			knownRegions = (
				en,
				Base,
			);
			mainGroup = 523C10CF29AE9E7C000482B8;
			productRefGroup = 523C10D929AE9E7C000482B8 /* Products */;
			projectDirPath = "";
			projectRoot = "";
			targets = (
				523C10D729AE9E7C000482B8 /* TestDemoIos */,
				523C10ED29AE9E7F000482B8 /* TestDemoIosTests */,
				523C10F729AE9E7F000482B8 /* TestDemoIosUITests */,
			);
		};
/* End PBXProject section */

/* Begin PBXResourcesBuildPhase section */
		523C10D629AE9E7C000482B8 /* Resources */ = {
			isa = PBXResourcesBuildPhase;
			buildActionMask = 2147483647;
			files = (
				523C10E829AE9E7E000482B8 /* LaunchScreen.storyboard in Resources */,
				523C10E529AE9E7E000482B8 /* Assets.xcassets in Resources */,
				523C10E329AE9E7C000482B8 /* Main.storyboard in Resources */,
			);
			runOnlyForDeploymentPostprocessing = 0;
		};
		523C10EC29AE9E7F000482B8 /* Resources */ = {
			isa = PBXResourcesBuildPhase;
			buildActionMask = 2147483647;
			files = (
			);
			runOnlyForDeploymentPostprocessing = 0;
		};
		523C10F629AE9E7F000482B8 /* Resources */ = {
			isa = PBXResourcesBuildPhase;
			buildActionMask = 2147483647;
			files = (
			);
			runOnlyForDeploymentPostprocessing = 0;
		};
/* End PBXResourcesBuildPhase section */

/* Begin PBXSourcesBuildPhase section */
		523C10D429AE9E7C000482B8 /* Sources */ = {
			isa = PBXSourcesBuildPhase;
			buildActionMask = 2147483647;
			files = (
				523C10E029AE9E7C000482B8 /* ViewController.swift in Sources */,
				523C10DC29AE9E7C000482B8 /* AppDelegate.swift in Sources */,
				523C10DE29AE9E7C000482B8 /* SceneDelegate.swift in Sources */,
			);
			runOnlyForDeploymentPostprocessing = 0;
		};
		523C10EA29AE9E7F000482B8 /* Sources */ = {
			isa = PBXSourcesBuildPhase;
			buildActionMask = 2147483647;
			files = (
				523C10F329AE9E7F000482B8 /* TestDemoIosTests.swift in Sources */,
			);
			runOnlyForDeploymentPostprocessing = 0;
		};
		523C10F429AE9E7F000482B8 /* Sources */ = {
			isa = PBXSourcesBuildPhase;
			buildActionMask = 2147483647;
			files = (
				523C10FD29AE9E7F000482B8 /* TestDemoIosUITests.swift in Sources */,
				523C10FF29AE9E7F000482B8 /* TestDemoIosUITestsLaunchTests.swift in Sources */,
			);
			runOnlyForDeploymentPostprocessing = 0;
		};
/* End PBXSourcesBuildPhase section */

/* Begin PBXTargetDependency section */
		523C10F029AE9E7F000482B8 /* PBXTargetDependency */ = {
			isa = PBXTargetDependency;
			target = 523C10D729AE9E7C000482B8 /* TestDemoIos */;
			targetProxy = 523C10EF29AE9E7F000482B8 /* PBXContainerItemProxy */;
		};
		523C10FA29AE9E7F000482B8 /* PBXTargetDependency */ = {
			isa = PBXTargetDependency;
			target = 523C10D729AE9E7C000482B8 /* TestDemoIos */;
			targetProxy = 523C10F929AE9E7F000482B8 /* PBXContainerItemProxy */;
		};
/* End PBXTargetDependency section */

/* Begin PBXVariantGroup section */
		523C10E129AE9E7C000482B8 /* Main.storyboard */ = {
			isa = PBXVariantGroup;
			children = (
				523C10E229AE9E7C000482B8 /* Base */,
			);
			name = Main.storyboard;
			sourceTree = "<group>";
		};
		523C10E629AE9E7E000482B8 /* LaunchScreen.storyboard */ = {
			isa = PBXVariantGroup;
			children = (
				523C10E729AE9E7E000482B8 /* Base */,
			);
			name = LaunchScreen.storyboard;
			sourceTree = "<group>";
		};
/* End PBXVariantGroup section */

/* Begin XCBuildConfiguration section */
		523C110029AE9E7F000482B8 /* Debug */ = {
			isa = XCBuildConfiguration;
			buildSettings = {
				ALWAYS_SEARCH_USER_PATHS = NO;
				CLANG_ANALYZER_NONNULL = YES;
				CLANG_ANALYZER_NUMBER_OBJECT_CONVERSION = YES_AGGRESSIVE;
				CLANG_CXX_LANGUAGE_STANDARD = "gnu++20";
				CLANG_ENABLE_MODULES = YES;
				CLANG_ENABLE_OBJC_ARC = YES;
				CLANG_ENABLE_OBJC_WEAK = YES;
				CLANG_WARN_BLOCK_CAPTURE_AUTORELEASING = YES;
				CLANG_WARN_BOOL_CONVERSION = YES;
				CLANG_WARN_COMMA = YES;
				CLANG_WARN_CONSTANT_CONVERSION = YES;
				CLANG_WARN_DEPRECATED_OBJC_IMPLEMENTATIONS = YES;
				CLANG_WARN_DIRECT_OBJC_ISA_USAGE = YES_ERROR;
				CLANG_WARN_DOCUMENTATION_COMMENTS = YES;
				CLANG_WARN_EMPTY_BODY = YES;
				CLANG_WARN_ENUM_CONVERSION = YES;
				CLANG_WARN_INFINITE_RECURSION = YES;
				CLANG_WARN_INT_CONVERSION = YES;
				CLANG_WARN_NON_LITERAL_NULL_CONVERSION = YES;
				CLANG_WARN_OBJC_IMPLICIT_RETAIN_SELF = YES;
				CLANG_WARN_OBJC_LITERAL_CONVERSION = YES;
				CLANG_WARN_OBJC_ROOT_CLASS = YES_ERROR;
				CLANG_WARN_QUOTED_INCLUDE_IN_FRAMEWORK_HEADER = YES;
				CLANG_WARN_RANGE_LOOP_ANALYSIS = YES;
				CLANG_WARN_STRICT_PROTOTYPES = YES;
				CLANG_WARN_SUSPICIOUS_MOVE = YES;
				CLANG_WARN_UNGUARDED_AVAILABILITY = YES_AGGRESSIVE;
				CLANG_WARN_UNREACHABLE_CODE = YES;
				CLANG_WARN__DUPLICATE_METHOD_MATCH = YES;
				COPY_PHASE_STRIP = NO;
				DEBUG_INFORMATION_FORMAT = dwarf;
				ENABLE_STRICT_OBJC_MSGSEND = YES;
				ENABLE_TESTABILITY = YES;
				GCC_C_LANGUAGE_STANDARD = gnu11;
				GCC_DYNAMIC_NO_PIC = NO;
				GCC_NO_COMMON_BLOCKS = YES;
				GCC_OPTIMIZATION_LEVEL = 0;
				GCC_PREPROCESSOR_DEFINITIONS = (
					"DEBUG=1",
					"$(inherited)",
				);
				GCC_WARN_64_TO_32_BIT_CONVERSION = YES;
				GCC_WARN_ABOUT_RETURN_TYPE = YES_ERROR;
				GCC_WARN_UNDECLARED_SELECTOR = YES;
				GCC_WARN_UNINITIALIZED_AUTOS = YES_AGGRESSIVE;
				GCC_WARN_UNUSED_FUNCTION = YES;
				GCC_WARN_UNUSED_VARIABLE = YES;
				IPHONEOS_DEPLOYMENT_TARGET = 16.2;
				MTL_ENABLE_DEBUG_INFO = INCLUDE_SOURCE;
				MTL_FAST_MATH = YES;
				ONLY_ACTIVE_ARCH = YES;
				SDKROOT = iphoneos;
				SWIFT_ACTIVE_COMPILATION_CONDITIONS = DEBUG;
				SWIFT_OPTIMIZATION_LEVEL = "-Onone";
			};
			name = Debug;
		};
		523C110129AE9E7F000482B8 /* Release */ = {
			isa = XCBuildConfiguration;
			buildSettings = {
				ALWAYS_SEARCH_USER_PATHS = NO;
				CLANG_ANALYZER_NONNULL = YES;
				CLANG_ANALYZER_NUMBER_OBJECT_CONVERSION = YES_AGGRESSIVE;
				CLANG_CXX_LANGUAGE_STANDARD = "gnu++20";
				CLANG_ENABLE_MODULES = YES;
				CLANG_ENABLE_OBJC_ARC = YES;
				CLANG_ENABLE_OBJC_WEAK = YES;
				CLANG_WARN_BLOCK_CAPTURE_AUTORELEASING = YES;
				CLANG_WARN_BOOL_CONVERSION = YES;
				CLANG_WARN_COMMA = YES;
				CLANG_WARN_CONSTANT_CONVERSION = YES;
				CLANG_WARN_DEPRECATED_OBJC_IMPLEMENTATIONS = YES;
				CLANG_WARN_DIRECT_OBJC_ISA_USAGE = YES_ERROR;
				CLANG_WARN_DOCUMENTATION_COMMENTS = YES;
				CLANG_WARN_EMPTY_BODY = YES;
				CLANG_WARN_ENUM_CONVERSION = YES;
				CLANG_WARN_INFINITE_RECURSION = YES;
				CLANG_WARN_INT_CONVERSION = YES;
				CLANG_WARN_NON_LITERAL_NULL_CONVERSION = YES;
				CLANG_WARN_OBJC_IMPLICIT_RETAIN_SELF = YES;
				CLANG_WARN_OBJC_LITERAL_CONVERSION = YES;
				CLANG_WARN_OBJC_ROOT_CLASS = YES_ERROR;
				CLANG_WARN_QUOTED_INCLUDE_IN_FRAMEWORK_HEADER = YES;
				CLANG_WARN_RANGE_LOOP_ANALYSIS = YES;
				CLANG_WARN_STRICT_PROTOTYPES = YES;
				CLANG_WARN_SUSPICIOUS_MOVE = YES;
				CLANG_WARN_UNGUARDED_AVAILABILITY = YES_AGGRESSIVE;
				CLANG_WARN_UNREACHABLE_CODE = YES;
				CLANG_WARN__DUPLICATE_METHOD_MATCH = YES;
				COPY_PHASE_STRIP = NO;
				DEBUG_INFORMATION_FORMAT = "dwarf-with-dsym";
				ENABLE_NS_ASSERTIONS = NO;
				ENABLE_STRICT_OBJC_MSGSEND = YES;
				GCC_C_LANGUAGE_STANDARD = gnu11;
				GCC_NO_COMMON_BLOCKS = YES;
				GCC_WARN_64_TO_32_BIT_CONVERSION = YES;
				GCC_WARN_ABOUT_RETURN_TYPE = YES_ERROR;
				GCC_WARN_UNDECLARED_SELECTOR = YES;
				GCC_WARN_UNINITIALIZED_AUTOS = YES_AGGRESSIVE;
				GCC_WARN_UNUSED_FUNCTION = YES;
				GCC_WARN_UNUSED_VARIABLE = YES;
				IPHONEOS_DEPLOYMENT_TARGET = 16.2;
				MTL_ENABLE_DEBUG_INFO = NO;
				MTL_FAST_MATH = YES;
				SDKROOT = iphoneos;
				SWIFT_COMPILATION_MODE = wholemodule;
				SWIFT_OPTIMIZATION_LEVEL = "-O";
				VALIDATE_PRODUCT = YES;
			};
			name = Release;
		};
		523C110329AE9E7F000482B8 /* Debug */ = {
			isa = XCBuildConfiguration;
			buildSettings = {
				ASSETCATALOG_COMPILER_APPICON_NAME = AppIcon;
				ASSETCATALOG_COMPILER_GLOBAL_ACCENT_COLOR_NAME = AccentColor;
				CODE_SIGN_STYLE = Automatic;
				CURRENT_PROJECT_VERSION = 1;
				GENERATE_INFOPLIST_FILE = YES;
				INFOPLIST_FILE = TestDemoIos/Info.plist;
				INFOPLIST_KEY_UIApplicationSupportsIndirectInputEvents = YES;
				INFOPLIST_KEY_UILaunchStoryboardName = LaunchScreen;
				INFOPLIST_KEY_UIMainStoryboardFile = Main;
				INFOPLIST_KEY_UISupportedInterfaceOrientations_iPad = "UIInterfaceOrientationPortrait UIInterfaceOrientationPortraitUpsideDown UIInterfaceOrientationLandscapeLeft UIInterfaceOrientationLandscapeRight";
				INFOPLIST_KEY_UISupportedInterfaceOrientations_iPhone = "UIInterfaceOrientationPortrait UIInterfaceOrientationLandscapeLeft UIInterfaceOrientationLandscapeRight";
				LD_RUNPATH_SEARCH_PATHS = (
					"$(inherited)",
					"@executable_path/Frameworks",
				);
				MARKETING_VERSION = 1.0;
				PRODUCT_BUNDLE_IDENTIFIER = com.test.demo.TestDemoIos;
				PRODUCT_NAME = "$(TARGET_NAME)";
				SWIFT_EMIT_LOC_STRINGS = YES;
				SWIFT_VERSION = 5.0;
				TARGETED_DEVICE_FAMILY = "1,2";
			};
			name = Debug;
		};
		523C110429AE9E7F000482B8 /* Release */ = {
			isa = XCBuildConfiguration;
			buildSettings = {
				ASSETCATALOG_COMPILER_APPICON_NAME = AppIcon;
				ASSETCATALOG_COMPILER_GLOBAL_ACCENT_COLOR_NAME = AccentColor;
				CODE_SIGN_STYLE = Automatic;
				CURRENT_PROJECT_VERSION = 1;
				GENERATE_INFOPLIST_FILE = YES;
				INFOPLIST_FILE = TestDemoIos/Info.plist;
				INFOPLIST_KEY_UIApplicationSupportsIndirectInputEvents = YES;
				INFOPLIST_KEY_UILaunchStoryboardName = LaunchScreen;
				INFOPLIST_KEY_UIMainStoryboardFile = Main;
				INFOPLIST_KEY_UISupportedInterfaceOrientations_iPad = "UIInterfaceOrientationPortrait UIInterfaceOrientationPortraitUpsideDown UIInterfaceOrientationLandscapeLeft UIInterfaceOrientationLandscapeRight";
				INFOPLIST_KEY_UISupportedInterfaceOrientations_iPhone = "UIInterfaceOrientationPortrait UIInterfaceOrientationLandscapeLeft UIInterfaceOrientationLandscapeRight";
				LD_RUNPATH_SEARCH_PATHS = (
					"$(inherited)",
					"@executable_path/Frameworks",
				);
				MARKETING_VERSION = 1.0;
				PRODUCT_BUNDLE_IDENTIFIER = com.test.demo.TestDemoIos;
				PRODUCT_NAME = "$(TARGET_NAME)";
				SWIFT_EMIT_LOC_STRINGS = YES;
				SWIFT_VERSION = 5.0;
				TARGETED_DEVICE_FAMILY = "1,2";
			};
			name = Release;
		};
		523C110629AE9E7F000482B8 /* Debug */ = {
			isa = XCBuildConfiguration;
			buildSettings = {
				ALWAYS_EMBED_SWIFT_STANDARD_LIBRARIES = YES;
				BUNDLE_LOADER = "$(TEST_HOST)";
				CODE_SIGN_STYLE = Automatic;
				CURRENT_PROJECT_VERSION = 1;
				GENERATE_INFOPLIST_FILE = YES;
				IPHONEOS_DEPLOYMENT_TARGET = 16.2;
				MARKETING_VERSION = 1.0;
				PRODUCT_BUNDLE_IDENTIFIER = com.test.demo.TestDemoIosTests;
				PRODUCT_NAME = "$(TARGET_NAME)";
				SWIFT_EMIT_LOC_STRINGS = NO;
				SWIFT_VERSION = 5.0;
				TARGETED_DEVICE_FAMILY = "1,2";
				TEST_HOST = "$(BUILT_PRODUCTS_DIR)/TestDemoIos.app/$(BUNDLE_EXECUTABLE_FOLDER_PATH)/TestDemoIos";
			};
			name = Debug;
		};
		523C110729AE9E7F000482B8 /* Release */ = {
			isa = XCBuildConfiguration;
			buildSettings = {
				ALWAYS_EMBED_SWIFT_STANDARD_LIBRARIES = YES;
				BUNDLE_LOADER = "$(TEST_HOST)";
				CODE_SIGN_STYLE = Automatic;
				CURRENT_PROJECT_VERSION = 1;
				GENERATE_INFOPLIST_FILE = YES;
				IPHONEOS_DEPLOYMENT_TARGET = 16.2;
				MARKETING_VERSION = 1.0;
				PRODUCT_BUNDLE_IDENTIFIER = com.test.demo.TestDemoIosTests;
				PRODUCT_NAME = "$(TARGET_NAME)";
				SWIFT_EMIT_LOC_STRINGS = NO;
				SWIFT_VERSION = 5.0;
				TARGETED_DEVICE_FAMILY = "1,2";
				TEST_HOST = "$(BUILT_PRODUCTS_DIR)/TestDemoIos.app/$(BUNDLE_EXECUTABLE_FOLDER_PATH)/TestDemoIos";
			};
			name = Release;
		};
		523C110929AE9E7F000482B8 /* Debug */ = {
			isa = XCBuildConfiguration;
			buildSettings = {
				ALWAYS_EMBED_SWIFT_STANDARD_LIBRARIES = YES;
				CODE_SIGN_STYLE = Automatic;
				CURRENT_PROJECT_VERSION = 1;
				GENERATE_INFOPLIST_FILE = YES;
				MARKETING_VERSION = 1.0;
				PRODUCT_BUNDLE_IDENTIFIER = com.test.demo.TestDemoIosUITests;
				PRODUCT_NAME = "$(TARGET_NAME)";
				SWIFT_EMIT_LOC_STRINGS = NO;
				SWIFT_VERSION = 5.0;
				TARGETED_DEVICE_FAMILY = "1,2";
				TEST_TARGET_NAME = TestDemoIos;
			};
			name = Debug;
		};
		523C110A29AE9E7F000482B8 /* Release */ = {
			isa = XCBuildConfiguration;
			buildSettings = {
				ALWAYS_EMBED_SWIFT_STANDARD_LIBRARIES = YES;
				CODE_SIGN_STYLE = Automatic;
				CURRENT_PROJECT_VERSION = 1;
				GENERATE_INFOPLIST_FILE = YES;
				MARKETING_VERSION = 1.0;
				PRODUCT_BUNDLE_IDENTIFIER = com.test.demo.TestDemoIosUITests;
				PRODUCT_NAME = "$(TARGET_NAME)";
				SWIFT_EMIT_LOC_STRINGS = NO;
				SWIFT_VERSION = 5.0;
				TARGETED_DEVICE_FAMILY = "1,2";
				TEST_TARGET_NAME = TestDemoIos;
			};
			name = Release;
		};
/* End XCBuildConfiguration section */

/* Begin XCConfigurationList section */
		523C10D329AE9E7C000482B8 /* Build configuration list for PBXProject "TestDemoIos" */ = {
			isa = XCConfigurationList;
			buildConfigurations = (
				523C110029AE9E7F000482B8 /* Debug */,
				523C110129AE9E7F000482B8 /* Release */,
			);
			defaultConfigurationIsVisible = 0;
			defaultConfigurationName = Release;
		};
		523C110229AE9E7F000482B8 /* Build configuration list for PBXNativeTarget "TestDemoIos" */ = {
			isa = XCConfigurationList;
			buildConfigurations = (
				523C110329AE9E7F000482B8 /* Debug */,
				523C110429AE9E7F000482B8 /* Release */,
			);
			defaultConfigurationIsVisible = 0;
			defaultConfigurationName = Release;
		};
		523C110529AE9E7F000482B8 /* Build configuration list for PBXNativeTarget "TestDemoIosTests" */ = {
			isa = XCConfigurationList;
			buildConfigurations = (
				523C110629AE9E7F000482B8 /* Debug */,
				523C110729AE9E7F000482B8 /* Release */,
			);
			defaultConfigurationIsVisible = 0;
			defaultConfigurationName = Release;
		};
		523C110829AE9E7F000482B8 /* Build configuration list for PBXNativeTarget "TestDemoIosUITests" */ = {
			isa = XCConfigurationList;
			buildConfigurations = (
				523C110929AE9E7F000482B8 /* Debug */,
				523C110A29AE9E7F000482B8 /* Release */,
			);
			defaultConfigurationIsVisible = 0;
			defaultConfigurationName = Release;
		};
/* End XCConfigurationList section */
	};
	rootObject = 523C10D029AE9E7C000482B8 /* Project object */;
}
